
Microsoft Visual Studio Solution File, Format Version 12.00
# Visual Studio Version 17
VisualStudioVersion = 17.14.36414.22 d17.14
MinimumVisualStudioVersion = 10.0.40219.1
Project("{2150E333-8FDC-42A3-9474-1A3956D46DE8}") = "Task0", "Task0", "{02EA681E-C7D8-13C7-8484-4AC65E1B71E8}"
EndProject
Project("{FAE04EC0-301F-11D3-BF4B-00C04F79EFBC}") = "Tyuiu.BudykovaMM.Sprint3.Task0.V21", "Tyuiu.BudykovaMM.Sprint3.Task0.V21\Tyuiu.BudykovaMM.Sprint3.Task0.V21.csproj", "{65A17AE2-0132-4546-9D08-6982C5A68CBF}"
EndProject
Project("{FAE04EC0-301F-11D3-BF4B-00C04F79EFBC}") = "Tyuiu.BudykovaMM.Sprint3.Task0.V21.Lib", "Tyuiu.BudykovaMM.Sprint3.Task0.V21.Lib\Tyuiu.BudykovaMM.Sprint3.Task0.V21.Lib.csproj", "{DB232040-F810-456A-BF31-0137A97B12CC}"
EndProject
Project("{FAE04EC0-301F-11D3-BF4B-00C04F79EFBC}") = "Tyuiu.BudykovaMM.Sprint3.Task0.V21.Test", "Tyuiu.BudykovaMM.Sprint3.Task0.V21.Test\Tyuiu.BudykovaMM.Sprint3.Task0.V21.Test.csproj", "{296DB6F5-4AC8-4276-A034-463B3BEE1F93}"
EndProject
Project("{2150E333-8FDC-42A3-9474-1A3956D46DE8}") = "Task1", "Task1", "{250F15C4-2383-4FCD-BFF2-66D9D9F18110}"
EndProject
Project("{FAE04EC0-301F-11D3-BF4B-00C04F79EFBC}") = "Tyuiu.BudykovaMM.Sprint3.Task1.V20", "Tyuiu.BudykovaMM.Sprint3.Task1.V20\Tyuiu.BudykovaMM.Sprint3.Task1.V20.csproj", "{2730E387-E133-4B3F-8904-249E6E692A9A}"
EndProject
Project("{FAE04EC0-301F-11D3-BF4B-00C04F79EFBC}") = "Tyuiu.BudykovaMM.Sprint3.Task1.V20.Lib", "Tyuiu.BudykovaMM.Sprint3.Task1.V20.Lib\Tyuiu.BudykovaMM.Sprint3.Task1.V20.Lib.csproj", "{43350844-DAFC-4666-AFFA-59FE87BE37DB}"
EndProject
Project("{FAE04EC0-301F-11D3-BF4B-00C04F79EFBC}") = "Tyuiu.BudykovaMM.Sprint3.Task1.V20.Test", "Tyuiu.BudykovaMM.Sprint3.Task1.V20.Test\Tyuiu.BudykovaMM.Sprint3.Task1.V20.Test.csproj", "{D54E876B-ABD3-4452-B4C1-7143D11AD360}"
EndProject
Global
	GlobalSection(SolutionConfigurationPlatforms) = preSolution
		Debug|Any CPU = Debug|Any CPU
		Release|Any CPU = Release|Any CPU
	EndGlobalSection
	GlobalSection(ProjectConfigurationPlatforms) = postSolution
		{65A17AE2-0132-4546-9D08-6982C5A68CBF}.Debug|Any CPU.ActiveCfg = Debug|Any CPU
		{65A17AE2-0132-4546-9D08-6982C5A68CBF}.Debug|Any CPU.Build.0 = Debug|Any CPU
		{65A17AE2-0132-4546-9D08-6982C5A68CBF}.Release|Any CPU.ActiveCfg = Release|Any CPU
		{65A17AE2-0132-4546-9D08-6982C5A68CBF}.Release|Any CPU.Build.0 = Release|Any CPU
		{DB232040-F810-456A-BF31-0137A97B12CC}.Debug|Any CPU.ActiveCfg = Debug|Any CPU
		{DB232040-F810-456A-BF31-0137A97B12CC}.Debug|Any CPU.Build.0 = Debug|Any CPU
		{DB232040-F810-456A-BF31-0137A97B12CC}.Release|Any CPU.ActiveCfg = Release|Any CPU
		{DB232040-F810-456A-BF31-0137A97B12CC}.Release|Any CPU.Build.0 = Release|Any CPU
		{296DB6F5-4AC8-4276-A034-463B3BEE1F93}.Debug|Any CPU.ActiveCfg = Debug|Any CPU
		{296DB6F5-4AC8-4276-A034-463B3BEE1F93}.Debug|Any CPU.Build.0 = Debug|Any CPU
		{296DB6F5-4AC8-4276-A034-463B3BEE1F93}.Release|Any CPU.ActiveCfg = Release|Any CPU
		{296DB6F5-4AC8-4276-A034-463B3BEE1F93}.Release|Any CPU.Build.0 = Release|Any CPU
		{2730E387-E133-4B3F-8904-249E6E692A9A}.Debug|Any CPU.ActiveCfg = Debug|Any CPU
		{2730E387-E133-4B3F-8904-249E6E692A9A}.Debug|Any CPU.Build.0 = Debug|Any CPU
		{2730E387-E133-4B3F-8904-249E6E692A9A}.Release|Any CPU.ActiveCfg = Release|Any CPU
		{2730E387-E133-4B3F-8904-249E6E692A9A}.Release|Any CPU.Build.0 = Release|Any CPU
		{43350844-DAFC-4666-AFFA-59FE87BE37DB}.Debug|Any CPU.ActiveCfg = Debug|Any CPU
		{43350844-DAFC-4666-AFFA-59FE87BE37DB}.Debug|Any CPU.Build.0 = Debug|Any CPU
		{43350844-DAFC-4666-AFFA-59FE87BE37DB}.Release|Any CPU.ActiveCfg = Release|Any CPU
		{43350844-DAFC-4666-AFFA-59FE87BE37DB}.Release|Any CPU.Build.0 = Release|Any CPU
		{D54E876B-ABD3-4452-B4C1-7143D11AD360}.Debug|Any CPU.ActiveCfg = Debug|Any CPU
		{D54E876B-ABD3-4452-B4C1-7143D11AD360}.Debug|Any CPU.Build.0 = Debug|Any CPU
		{D54E876B-ABD3-4452-B4C1-7143D11AD360}.Release|Any CPU.ActiveCfg = Release|Any CPU
		{D54E876B-ABD3-4452-B4C1-7143D11AD360}.Release|Any CPU.Build.0 = Release|Any CPU
	EndGlobalSection
	GlobalSection(SolutionProperties) = preSolution
		HideSolutionNode = FALSE
	EndGlobalSection
	GlobalSection(NestedProjects) = preSolution
		{65A17AE2-0132-4546-9D08-6982C5A68CBF} = {02EA681E-C7D8-13C7-8484-4AC65E1B71E8}
		{DB232040-F810-456A-BF31-0137A97B12CC} = {02EA681E-C7D8-13C7-8484-4AC65E1B71E8}
		{296DB6F5-4AC8-4276-A034-463B3BEE1F93} = {02EA681E-C7D8-13C7-8484-4AC65E1B71E8}
		{2730E387-E133-4B3F-8904-249E6E692A9A} = {250F15C4-2383-4FCD-BFF2-66D9D9F18110}
		{43350844-DAFC-4666-AFFA-59FE87BE37DB} = {250F15C4-2383-4FCD-BFF2-66D9D9F18110}
		{D54E876B-ABD3-4452-B4C1-7143D11AD360} = {250F15C4-2383-4FCD-BFF2-66D9D9F18110}
	EndGlobalSection
	GlobalSection(ExtensibilityGlobals) = postSolution
		SolutionGuid = {D18F1261-C3F6-40F5-A182-16832A129605}
	EndGlobalSection
EndGlobal
