
Microsoft Visual Studio Solution File, Format Version 12.00
# Visual Studio Version 17
VisualStudioVersion = 17.14.36414.22
MinimumVisualStudioVersion = 10.0.40219.1
Project("{2150E333-8FDC-42A3-9474-1A3956D46DE8}") = "Task0", "Task0", "{02EA681E-C7D8-13C7-8484-4AC65E1B71E8}"
EndProject
Project("{FAE04EC0-301F-11D3-BF4B-00C04F79EFBC}") = "Tyuiu.BudykovaMM.Sprint3.Task0.V21", "Tyuiu.BudykovaMM.Sprint3.Task0.V21\Tyuiu.BudykovaMM.Sprint3.Task0.V21.csproj", "{65A17AE2-0132-4546-9D08-6982C5A68CBF}"
EndProject
Project("{FAE04EC0-301F-11D3-BF4B-00C04F79EFBC}") = "Tyuiu.BudykovaMM.Sprint3.Task0.V21.Lib", "Tyuiu.BudykovaMM.Sprint3.Task0.V21.Lib\Tyuiu.BudykovaMM.Sprint3.Task0.V21.Lib.csproj", "{DB232040-F810-456A-BF31-0137A97B12CC}"
EndProject
Project("{FAE04EC0-301F-11D3-BF4B-00C04F79EFBC}") = "Tyuiu.BudykovaMM.Sprint3.Task0.V21.Test", "Tyuiu.BudykovaMM.Sprint3.Task0.V21.Test\Tyuiu.BudykovaMM.Sprint3.Task0.V21.Test.csproj", "{296DB6F5-4AC8-4276-A034-463B3BEE1F93}"
EndProject
Project("{2150E333-8FDC-42A3-9474-1A3956D46DE8}") = "Task1", "Task1", "{250F15C4-2383-4FCD-BFF2-66D9D9F18110}"
EndProject
Project("{FAE04EC0-301F-11D3-BF4B-00C04F79EFBC}") = "Tyuiu.BudykovaMM.Sprint3.Task1.V20", "Tyuiu.BudykovaMM.Sprint3.Task1.V20\Tyuiu.BudykovaMM.Sprint3.Task1.V20.csproj", "{2730E387-E133-4B3F-8904-249E6E692A9A}"
EndProject
Project("{FAE04EC0-301F-11D3-BF4B-00C04F79EFBC}") = "Tyuiu.BudykovaMM.Sprint3.Task1.V20.Lib", "Tyuiu.BudykovaMM.Sprint3.Task1.V20.Lib\Tyuiu.BudykovaMM.Sprint3.Task1.V20.Lib.csproj", "{43350844-DAFC-4666-AFFA-59FE87BE37DB}"
EndProject
Project("{FAE04EC0-301F-11D3-BF4B-00C04F79EFBC}") = "Tyuiu.BudykovaMM.Sprint3.Task1.V20.Test", "Tyuiu.BudykovaMM.Sprint3.Task1.V20.Test\Tyuiu.BudykovaMM.Sprint3.Task1.V20.Test.csproj", "{D54E876B-ABD3-4452-B4C1-7143D11AD360}"
EndProject
Project("{2150E333-8FDC-42A3-9474-1A3956D46DE8}") = "Task2", "Task2", "{18C2D2CF-4B10-4104-B513-1A7CA31F7E3F}"
EndProject
Project("{FAE04EC0-301F-11D3-BF4B-00C04F79EFBC}") = "Tyuiu.BudykovaMM.Sprint3.Task2.V10", "Tyuiu.BudykovaMM.Sprint3.Task2.V10\Tyuiu.BudykovaMM.Sprint3.Task2.V10.csproj", "{55DEF61C-21F3-4579-8367-689044B033CF}"
EndProject
Project("{FAE04EC0-301F-11D3-BF4B-00C04F79EFBC}") = "Tyuiu.BudykovaMM.Sprint3.Task2.V10.Lib", "Tyuiu.BudykovaMM.Sprint3.Task2.V10.Lib\Tyuiu.BudykovaMM.Sprint3.Task2.V10.Lib.csproj", "{261B9D12-38A4-424E-B429-2D878B702A5A}"
EndProject
Project("{FAE04EC0-301F-11D3-BF4B-00C04F79EFBC}") = "Tyuiu.BudykovaMM.Sprint3.Task2.V10.Test", "Tyuiu.BudykovaMM.Sprint3.Task2.V10.Test\Tyuiu.BudykovaMM.Sprint3.Task2.V10.Test.csproj", "{8AB757AF-0A1B-4463-BD55-F7B891D19CDB}"
EndProject
Project("{2150E333-8FDC-42A3-9474-1A3956D46DE8}") = "Task3", "Task3", "{E33C7946-DD9D-4F15-AE04-510DA91E4231}"
EndProject
Project("{FAE04EC0-301F-11D3-BF4B-00C04F79EFBC}") = "Tyuiu.BudykovaMM.Sprint3.Task3.V24", "Tyuiu.BudykovaMM.Sprint3.Task3.V24\Tyuiu.BudykovaMM.Sprint3.Task3.V24.csproj", "{0C4CEF96-A970-40CC-A9A0-B35D18BE8D11}"
EndProject
Project("{FAE04EC0-301F-11D3-BF4B-00C04F79EFBC}") = "Tyuiu.BudykovaMM.Sprint3.Task3.V24.Lib", "Tyuiu.BudykovaMM.Sprint3.Task3.V24.Lib\Tyuiu.BudykovaMM.Sprint3.Task3.V24.Lib.csproj", "{359404C3-036E-4EAC-BE9B-AB85E61F8307}"
EndProject
Project("{FAE04EC0-301F-11D3-BF4B-00C04F79EFBC}") = "Tyuiu.BudykovaMM.Sprint3.Task3.V24.Test", "Tyuiu.BudykovaMM.Sprint3.Task3.V24.Test\Tyuiu.BudykovaMM.Sprint3.Task3.V24.Test.csproj", "{82A1AE69-A0C7-4774-AF19-A815FD3D9D91}"
EndProject
Project("{2150E333-8FDC-42A3-9474-1A3956D46DE8}") = "Task4", "Task4", "{3995D3CF-BC8E-49F6-9DBA-9AB5788EB870}"
EndProject
Project("{FAE04EC0-301F-11D3-BF4B-00C04F79EFBC}") = "Tyuiu.BudykovaMM.Sprint3.Task4.V4", "Tyuiu.BudykovaMM.Sprint3.Task4.V4\Tyuiu.BudykovaMM.Sprint3.Task4.V4.csproj", "{34147446-7534-4F8E-8242-D47E7CC845AF}"
EndProject
Project("{FAE04EC0-301F-11D3-BF4B-00C04F79EFBC}") = "Tyuiu.BudykovaMM.Sprint3.Task4.V4.Lib", "Tyuiu.BudykovaMM.Sprint3.Task4.V4.Lib\Tyuiu.BudykovaMM.Sprint3.Task4.V4.Lib.csproj", "{273C0D77-7FA8-43C2-A712-28F86258180C}"
EndProject
Project("{FAE04EC0-301F-11D3-BF4B-00C04F79EFBC}") = "Tyuiu.BudykovaMM.Sprint3.Task4.V4.Test", "Tyuiu.BudykovaMM.Sprint3.Task4.V4.Test\Tyuiu.BudykovaMM.Sprint3.Task4.V4.Test.csproj", "{F8479F87-3663-40C1-A0A0-3DC281EEC770}"
EndProject
Project("{2150E333-8FDC-42A3-9474-1A3956D46DE8}") = "Task5", "Task5", "{C440F123-1903-4F5B-9C04-4982AA7E1508}"
EndProject
Project("{FAE04EC0-301F-11D3-BF4B-00C04F79EFBC}") = "Tyuiu.BudykovaMM.Sprint3.Task5.V30", "Tyuiu.BudykovaMM.Sprint3.Task5.V30\Tyuiu.BudykovaMM.Sprint3.Task5.V30.csproj", "{3C3A87CD-E5E3-463B-A5DE-FFE3FCFA2061}"
EndProject
Project("{FAE04EC0-301F-11D3-BF4B-00C04F79EFBC}") = "Tyuiu.BudykovaMM.Sprint3.Task5.V30.Lib", "Tyuiu.BudykovaMM.Sprint3.Task5.V30.Lib\Tyuiu.BudykovaMM.Sprint3.Task5.V30.Lib.csproj", "{D780F87A-640D-4A95-8D34-1A2D23650224}"
EndProject
Project("{FAE04EC0-301F-11D3-BF4B-00C04F79EFBC}") = "Tyuiu.BudykovaMM.Sprint3.Task5.V30.Test", "Tyuiu.BudykovaMM.Sprint3.Task5.V30.Test\Tyuiu.BudykovaMM.Sprint3.Task5.V30.Test.csproj", "{2C04AE4C-5936-4168-A13C-5E81F080ED0D}"
EndProject
Project("{2150E333-8FDC-42A3-9474-1A3956D46DE8}") = "Task6", "Task6", "{A2273721-D5D8-4A28-BDB1-5641BA03D4E6}"
EndProject
Project("{FAE04EC0-301F-11D3-BF4B-00C04F79EFBC}") = "Tyuiu.BudykovaMM.Sprint3.Task6.V14", "Tyuiu.BudykovaMM.Sprint3.Task6.V14\Tyuiu.BudykovaMM.Sprint3.Task6.V14.csproj", "{580C8F26-7E43-4E78-AD43-69C54DFAE0B7}"
EndProject
Project("{FAE04EC0-301F-11D3-BF4B-00C04F79EFBC}") = "Tyuiu.BudykovaMM.Sprint3.Task6.V14.Lib", "Tyuiu.BudykovaMM.Sprint3.Task6.V14.Lib\Tyuiu.BudykovaMM.Sprint3.Task6.V14.Lib.csproj", "{7184D957-6C50-43A5-8C2F-8EAB4204B8C4}"
EndProject
Project("{FAE04EC0-301F-11D3-BF4B-00C04F79EFBC}") = "Tyuiu.BudykovaMM.Sprint3.Task6.V14.Test", "Tyuiu.BudykovaMM.Sprint3.Task6.V14.Test\Tyuiu.BudykovaMM.Sprint3.Task6.V14.Test.csproj", "{27415A48-7CE3-4585-B156-58C7BA810E0B}"
EndProject
Project("{2150E333-8FDC-42A3-9474-1A3956D46DE8}") = "Task7", "Task7", "{7ACC31C5-9781-473D-91B5-49BC8A10F257}"
EndProject
Project("{FAE04EC0-301F-11D3-BF4B-00C04F79EFBC}") = "Tyuiu.BudykovaMM.Sprint3.Task7.V14", "Tyuiu.BudykovaMM.Sprint3.Task7.V14\Tyuiu.BudykovaMM.Sprint3.Task7.V14.csproj", "{81629545-E60B-4CF9-80E7-E5768B97309B}"
EndProject
Project("{FAE04EC0-301F-11D3-BF4B-00C04F79EFBC}") = "Tyuiu.BudykovaMM.Sprint3.Task7.V14.Lib", "Tyuiu.BudykovaMM.Sprint3.Task7.V14.Lib\Tyuiu.BudykovaMM.Sprint3.Task7.V14.Lib.csproj", "{AB152C08-C5D4-4EDF-AFAB-CA9B9B002801}"
EndProject
Project("{FAE04EC0-301F-11D3-BF4B-00C04F79EFBC}") = "Tyuiu.BudykovaMM.Sprint3.Task7.V14.Test", "Tyuiu.BudykovaMM.Sprint3.Task7.V14.Test\Tyuiu.BudykovaMM.Sprint3.Task7.V14.Test.csproj", "{41B71824-4C4E-4F0F-BF0E-13539DF3CB5F}"
EndProject
Global
	GlobalSection(SolutionConfigurationPlatforms) = preSolution
		Debug|Any CPU = Debug|Any CPU
		Release|Any CPU = Release|Any CPU
	EndGlobalSection
	GlobalSection(ProjectConfigurationPlatforms) = postSolution
		{65A17AE2-0132-4546-9D08-6982C5A68CBF}.Debug|Any CPU.ActiveCfg = Debug|Any CPU
		{65A17AE2-0132-4546-9D08-6982C5A68CBF}.Debug|Any CPU.Build.0 = Debug|Any CPU
		{65A17AE2-0132-4546-9D08-6982C5A68CBF}.Release|Any CPU.ActiveCfg = Release|Any CPU
		{65A17AE2-0132-4546-9D08-6982C5A68CBF}.Release|Any CPU.Build.0 = Release|Any CPU
		{DB232040-F810-456A-BF31-0137A97B12CC}.Debug|Any CPU.ActiveCfg = Debug|Any CPU
		{DB232040-F810-456A-BF31-0137A97B12CC}.Debug|Any CPU.Build.0 = Debug|Any CPU
		{DB232040-F810-456A-BF31-0137A97B12CC}.Release|Any CPU.ActiveCfg = Release|Any CPU
		{DB232040-F810-456A-BF31-0137A97B12CC}.Release|Any CPU.Build.0 = Release|Any CPU
		{296DB6F5-4AC8-4276-A034-463B3BEE1F93}.Debug|Any CPU.ActiveCfg = Debug|Any CPU
		{296DB6F5-4AC8-4276-A034-463B3BEE1F93}.Debug|Any CPU.Build.0 = Debug|Any CPU
		{296DB6F5-4AC8-4276-A034-463B3BEE1F93}.Release|Any CPU.ActiveCfg = Release|Any CPU
		{296DB6F5-4AC8-4276-A034-463B3BEE1F93}.Release|Any CPU.Build.0 = Release|Any CPU
		{2730E387-E133-4B3F-8904-249E6E692A9A}.Debug|Any CPU.ActiveCfg = Debug|Any CPU
		{2730E387-E133-4B3F-8904-249E6E692A9A}.Debug|Any CPU.Build.0 = Debug|Any CPU
		{2730E387-E133-4B3F-8904-249E6E692A9A}.Release|Any CPU.ActiveCfg = Release|Any CPU
		{2730E387-E133-4B3F-8904-249E6E692A9A}.Release|Any CPU.Build.0 = Release|Any CPU
		{43350844-DAFC-4666-AFFA-59FE87BE37DB}.Debug|Any CPU.ActiveCfg = Debug|Any CPU
		{43350844-DAFC-4666-AFFA-59FE87BE37DB}.Debug|Any CPU.Build.0 = Debug|Any CPU
		{43350844-DAFC-4666-AFFA-59FE87BE37DB}.Release|Any CPU.ActiveCfg = Release|Any CPU
		{43350844-DAFC-4666-AFFA-59FE87BE37DB}.Release|Any CPU.Build.0 = Release|Any CPU
		{D54E876B-ABD3-4452-B4C1-7143D11AD360}.Debug|Any CPU.ActiveCfg = Debug|Any CPU
		{D54E876B-ABD3-4452-B4C1-7143D11AD360}.Debug|Any CPU.Build.0 = Debug|Any CPU
		{D54E876B-ABD3-4452-B4C1-7143D11AD360}.Release|Any CPU.ActiveCfg = Release|Any CPU
		{D54E876B-ABD3-4452-B4C1-7143D11AD360}.Release|Any CPU.Build.0 = Release|Any CPU
		{55DEF61C-21F3-4579-8367-689044B033CF}.Debug|Any CPU.ActiveCfg = Debug|Any CPU
		{55DEF61C-21F3-4579-8367-689044B033CF}.Debug|Any CPU.Build.0 = Debug|Any CPU
		{55DEF61C-21F3-4579-8367-689044B033CF}.Release|Any CPU.ActiveCfg = Release|Any CPU
		{55DEF61C-21F3-4579-8367-689044B033CF}.Release|Any CPU.Build.0 = Release|Any CPU
		{261B9D12-38A4-424E-B429-2D878B702A5A}.Debug|Any CPU.ActiveCfg = Debug|Any CPU
		{261B9D12-38A4-424E-B429-2D878B702A5A}.Debug|Any CPU.Build.0 = Debug|Any CPU
		{261B9D12-38A4-424E-B429-2D878B702A5A}.Release|Any CPU.ActiveCfg = Release|Any CPU
		{261B9D12-38A4-424E-B429-2D878B702A5A}.Release|Any CPU.Build.0 = Release|Any CPU
		{8AB757AF-0A1B-4463-BD55-F7B891D19CDB}.Debug|Any CPU.ActiveCfg = Debug|Any CPU
		{8AB757AF-0A1B-4463-BD55-F7B891D19CDB}.Debug|Any CPU.Build.0 = Debug|Any CPU
		{8AB757AF-0A1B-4463-BD55-F7B891D19CDB}.Release|Any CPU.ActiveCfg = Release|Any CPU
		{8AB757AF-0A1B-4463-BD55-F7B891D19CDB}.Release|Any CPU.Build.0 = Release|Any CPU
		{0C4CEF96-A970-40CC-A9A0-B35D18BE8D11}.Debug|Any CPU.ActiveCfg = Debug|Any CPU
		{0C4CEF96-A970-40CC-A9A0-B35D18BE8D11}.Debug|Any CPU.Build.0 = Debug|Any CPU
		{0C4CEF96-A970-40CC-A9A0-B35D18BE8D11}.Release|Any CPU.ActiveCfg = Release|Any CPU
		{0C4CEF96-A970-40CC-A9A0-B35D18BE8D11}.Release|Any CPU.Build.0 = Release|Any CPU
		{359404C3-036E-4EAC-BE9B-AB85E61F8307}.Debug|Any CPU.ActiveCfg = Debug|Any CPU
		{359404C3-036E-4EAC-BE9B-AB85E61F8307}.Debug|Any CPU.Build.0 = Debug|Any CPU
		{359404C3-036E-4EAC-BE9B-AB85E61F8307}.Release|Any CPU.ActiveCfg = Release|Any CPU
		{359404C3-036E-4EAC-BE9B-AB85E61F8307}.Release|Any CPU.Build.0 = Release|Any CPU
		{82A1AE69-A0C7-4774-AF19-A815FD3D9D91}.Debug|Any CPU.ActiveCfg = Debug|Any CPU
		{82A1AE69-A0C7-4774-AF19-A815FD3D9D91}.Debug|Any CPU.Build.0 = Debug|Any CPU
		{82A1AE69-A0C7-4774-AF19-A815FD3D9D91}.Release|Any CPU.ActiveCfg = Release|Any CPU
		{82A1AE69-A0C7-4774-AF19-A815FD3D9D91}.Release|Any CPU.Build.0 = Release|Any CPU
		{34147446-7534-4F8E-8242-D47E7CC845AF}.Debug|Any CPU.ActiveCfg = Debug|Any CPU
		{34147446-7534-4F8E-8242-D47E7CC845AF}.Debug|Any CPU.Build.0 = Debug|Any CPU
		{34147446-7534-4F8E-8242-D47E7CC845AF}.Release|Any CPU.ActiveCfg = Release|Any CPU
		{34147446-7534-4F8E-8242-D47E7CC845AF}.Release|Any CPU.Build.0 = Release|Any CPU
		{273C0D77-7FA8-43C2-A712-28F86258180C}.Debug|Any CPU.ActiveCfg = Debug|Any CPU
		{273C0D77-7FA8-43C2-A712-28F86258180C}.Debug|Any CPU.Build.0 = Debug|Any CPU
		{273C0D77-7FA8-43C2-A712-28F86258180C}.Release|Any CPU.ActiveCfg = Release|Any CPU
		{273C0D77-7FA8-43C2-A712-28F86258180C}.Release|Any CPU.Build.0 = Release|Any CPU
		{F8479F87-3663-40C1-A0A0-3DC281EEC770}.Debug|Any CPU.ActiveCfg = Debug|Any CPU
		{F8479F87-3663-40C1-A0A0-3DC281EEC770}.Debug|Any CPU.Build.0 = Debug|Any CPU
		{F8479F87-3663-40C1-A0A0-3DC281EEC770}.Release|Any CPU.ActiveCfg = Release|Any CPU
		{F8479F87-3663-40C1-A0A0-3DC281EEC770}.Release|Any CPU.Build.0 = Release|Any CPU
		{3C3A87CD-E5E3-463B-A5DE-FFE3FCFA2061}.Debug|Any CPU.ActiveCfg = Debug|Any CPU
		{3C3A87CD-E5E3-463B-A5DE-FFE3FCFA2061}.Debug|Any CPU.Build.0 = Debug|Any CPU
		{3C3A87CD-E5E3-463B-A5DE-FFE3FCFA2061}.Release|Any CPU.ActiveCfg = Release|Any CPU
		{3C3A87CD-E5E3-463B-A5DE-FFE3FCFA2061}.Release|Any CPU.Build.0 = Release|Any CPU
		{D780F87A-640D-4A95-8D34-1A2D23650224}.Debug|Any CPU.ActiveCfg = Debug|Any CPU
		{D780F87A-640D-4A95-8D34-1A2D23650224}.Debug|Any CPU.Build.0 = Debug|Any CPU
		{D780F87A-640D-4A95-8D34-1A2D23650224}.Release|Any CPU.ActiveCfg = Release|Any CPU
		{D780F87A-640D-4A95-8D34-1A2D23650224}.Release|Any CPU.Build.0 = Release|Any CPU
		{2C04AE4C-5936-4168-A13C-5E81F080ED0D}.Debug|Any CPU.ActiveCfg = Debug|Any CPU
		{2C04AE4C-5936-4168-A13C-5E81F080ED0D}.Debug|Any CPU.Build.0 = Debug|Any CPU
		{2C04AE4C-5936-4168-A13C-5E81F080ED0D}.Release|Any CPU.ActiveCfg = Release|Any CPU
		{2C04AE4C-5936-4168-A13C-5E81F080ED0D}.Release|Any CPU.Build.0 = Release|Any CPU
		{580C8F26-7E43-4E78-AD43-69C54DFAE0B7}.Debug|Any CPU.ActiveCfg = Debug|Any CPU
		{580C8F26-7E43-4E78-AD43-69C54DFAE0B7}.Debug|Any CPU.Build.0 = Debug|Any CPU
		{580C8F26-7E43-4E78-AD43-69C54DFAE0B7}.Release|Any CPU.ActiveCfg = Release|Any CPU
		{580C8F26-7E43-4E78-AD43-69C54DFAE0B7}.Release|Any CPU.Build.0 = Release|Any CPU
		{7184D957-6C50-43A5-8C2F-8EAB4204B8C4}.Debug|Any CPU.ActiveCfg = Debug|Any CPU
		{7184D957-6C50-43A5-8C2F-8EAB4204B8C4}.Debug|Any CPU.Build.0 = Debug|Any CPU
		{7184D957-6C50-43A5-8C2F-8EAB4204B8C4}.Release|Any CPU.ActiveCfg = Release|Any CPU
		{7184D957-6C50-43A5-8C2F-8EAB4204B8C4}.Release|Any CPU.Build.0 = Release|Any CPU
		{27415A48-7CE3-4585-B156-58C7BA810E0B}.Debug|Any CPU.ActiveCfg = Debug|Any CPU
		{27415A48-7CE3-4585-B156-58C7BA810E0B}.Debug|Any CPU.Build.0 = Debug|Any CPU
		{27415A48-7CE3-4585-B156-58C7BA810E0B}.Release|Any CPU.ActiveCfg = Release|Any CPU
		{27415A48-7CE3-4585-B156-58C7BA810E0B}.Release|Any CPU.Build.0 = Release|Any CPU
		{81629545-E60B-4CF9-80E7-E5768B97309B}.Debug|Any CPU.ActiveCfg = Debug|Any CPU
		{81629545-E60B-4CF9-80E7-E5768B97309B}.Debug|Any CPU.Build.0 = Debug|Any CPU
		{81629545-E60B-4CF9-80E7-E5768B97309B}.Release|Any CPU.ActiveCfg = Release|Any CPU
		{81629545-E60B-4CF9-80E7-E5768B97309B}.Release|Any CPU.Build.0 = Release|Any CPU
		{AB152C08-C5D4-4EDF-AFAB-CA9B9B002801}.Debug|Any CPU.ActiveCfg = Debug|Any CPU
		{AB152C08-C5D4-4EDF-AFAB-CA9B9B002801}.Debug|Any CPU.Build.0 = Debug|Any CPU
		{AB152C08-C5D4-4EDF-AFAB-CA9B9B002801}.Release|Any CPU.ActiveCfg = Release|Any CPU
		{AB152C08-C5D4-4EDF-AFAB-CA9B9B002801}.Release|Any CPU.Build.0 = Release|Any CPU
		{41B71824-4C4E-4F0F-BF0E-13539DF3CB5F}.Debug|Any CPU.ActiveCfg = Debug|Any CPU
		{41B71824-4C4E-4F0F-BF0E-13539DF3CB5F}.Debug|Any CPU.Build.0 = Debug|Any CPU
		{41B71824-4C4E-4F0F-BF0E-13539DF3CB5F}.Release|Any CPU.ActiveCfg = Release|Any CPU
		{41B71824-4C4E-4F0F-BF0E-13539DF3CB5F}.Release|Any CPU.Build.0 = Release|Any CPU
	EndGlobalSection
	GlobalSection(SolutionProperties) = preSolution
		HideSolutionNode = FALSE
	EndGlobalSection
	GlobalSection(NestedProjects) = preSolution
		{65A17AE2-0132-4546-9D08-6982C5A68CBF} = {02EA681E-C7D8-13C7-8484-4AC65E1B71E8}
		{DB232040-F810-456A-BF31-0137A97B12CC} = {02EA681E-C7D8-13C7-8484-4AC65E1B71E8}
		{296DB6F5-4AC8-4276-A034-463B3BEE1F93} = {02EA681E-C7D8-13C7-8484-4AC65E1B71E8}
		{2730E387-E133-4B3F-8904-249E6E692A9A} = {250F15C4-2383-4FCD-BFF2-66D9D9F18110}
		{43350844-DAFC-4666-AFFA-59FE87BE37DB} = {250F15C4-2383-4FCD-BFF2-66D9D9F18110}
		{D54E876B-ABD3-4452-B4C1-7143D11AD360} = {250F15C4-2383-4FCD-BFF2-66D9D9F18110}
		{55DEF61C-21F3-4579-8367-689044B033CF} = {18C2D2CF-4B10-4104-B513-1A7CA31F7E3F}
		{261B9D12-38A4-424E-B429-2D878B702A5A} = {18C2D2CF-4B10-4104-B513-1A7CA31F7E3F}
		{8AB757AF-0A1B-4463-BD55-F7B891D19CDB} = {18C2D2CF-4B10-4104-B513-1A7CA31F7E3F}
		{0C4CEF96-A970-40CC-A9A0-B35D18BE8D11} = {E33C7946-DD9D-4F15-AE04-510DA91E4231}
		{359404C3-036E-4EAC-BE9B-AB85E61F8307} = {E33C7946-DD9D-4F15-AE04-510DA91E4231}
		{82A1AE69-A0C7-4774-AF19-A815FD3D9D91} = {E33C7946-DD9D-4F15-AE04-510DA91E4231}
		{34147446-7534-4F8E-8242-D47E7CC845AF} = {3995D3CF-BC8E-49F6-9DBA-9AB5788EB870}
		{273C0D77-7FA8-43C2-A712-28F86258180C} = {3995D3CF-BC8E-49F6-9DBA-9AB5788EB870}
		{F8479F87-3663-40C1-A0A0-3DC281EEC770} = {3995D3CF-BC8E-49F6-9DBA-9AB5788EB870}
		{3C3A87CD-E5E3-463B-A5DE-FFE3FCFA2061} = {C440F123-1903-4F5B-9C04-4982AA7E1508}
		{D780F87A-640D-4A95-8D34-1A2D23650224} = {C440F123-1903-4F5B-9C04-4982AA7E1508}
		{2C04AE4C-5936-4168-A13C-5E81F080ED0D} = {C440F123-1903-4F5B-9C04-4982AA7E1508}
		{580C8F26-7E43-4E78-AD43-69C54DFAE0B7} = {A2273721-D5D8-4A28-BDB1-5641BA03D4E6}
		{7184D957-6C50-43A5-8C2F-8EAB4204B8C4} = {A2273721-D5D8-4A28-BDB1-5641BA03D4E6}
		{27415A48-7CE3-4585-B156-58C7BA810E0B} = {A2273721-D5D8-4A28-BDB1-5641BA03D4E6}
		{81629545-E60B-4CF9-80E7-E5768B97309B} = {7ACC31C5-9781-473D-91B5-49BC8A10F257}
		{AB152C08-C5D4-4EDF-AFAB-CA9B9B002801} = {7ACC31C5-9781-473D-91B5-49BC8A10F257}
		{41B71824-4C4E-4F0F-BF0E-13539DF3CB5F} = {7ACC31C5-9781-473D-91B5-49BC8A10F257}
	EndGlobalSection
	GlobalSection(ExtensibilityGlobals) = postSolution
		SolutionGuid = {D18F1261-C3F6-40F5-A182-16832A129605}
	EndGlobalSection
EndGlobal
